// !$*UTF8*$!
{
	archiveVersion = 1;
	classes = {
	};
	objectVersion = 46;
	objects = {

/* Begin PBXBuildFile section */
		D98039011FB20C68008AE6D4 /* Globalinstance.swift in Sources */ = {isa = PBXBuildFile; fileRef = D98039001FB20C68008AE6D4 /* Globalinstance.swift */; };
		D98039041FB20EDF008AE6D4 /* PostTableViewCell.swift in Sources */ = {isa = PBXBuildFile; fileRef = D98039031FB20EDF008AE6D4 /* PostTableViewCell.swift */; };
		D98039061FB21077008AE6D4 /* MyPostsTableViewController.swift in Sources */ = {isa = PBXBuildFile; fileRef = D98039051FB21077008AE6D4 /* MyPostsTableViewController.swift */; };
		D98039081FB210B5008AE6D4 /* WriteViewController.swift in Sources */ = {isa = PBXBuildFile; fileRef = D98039071FB210B5008AE6D4 /* WriteViewController.swift */; };
		D980BF821F9660B800948CC2 /* Extensions.swift in Sources */ = {isa = PBXBuildFile; fileRef = D980BF811F9660B800948CC2 /* Extensions.swift */; };
		D980BF841F9660DA00948CC2 /* MyProfileViewController.swift in Sources */ = {isa = PBXBuildFile; fileRef = D980BF831F9660DA00948CC2 /* MyProfileViewController.swift */; };
		D980BF861F9660FE00948CC2 /* EditProfileViewController.swift in Sources */ = {isa = PBXBuildFile; fileRef = D980BF851F9660FE00948CC2 /* EditProfileViewController.swift */; };
		D980BF881F96615C00948CC2 /* HomeViewController.swift in Sources */ = {isa = PBXBuildFile; fileRef = D980BF871F96615C00948CC2 /* HomeViewController.swift */; };
		E2589FD11F81FD61006FAF9D /* loginViewController.swift in Sources */ = {isa = PBXBuildFile; fileRef = E2589FD01F81FD61006FAF9D /* loginViewController.swift */; };
		E2589FD31F81FD77006FAF9D /* RegisterViewController.swift in Sources */ = {isa = PBXBuildFile; fileRef = E2589FD21F81FD77006FAF9D /* RegisterViewController.swift */; };
		E25BCEB61F8A94C200400581 /* GoogleService-Info.plist in Resources */ = {isa = PBXBuildFile; fileRef = E25BCEB51F8A94C200400581 /* GoogleService-Info.plist */; };
		E26E78A01F81DF0500DBC647 /* AppDelegate.swift in Sources */ = {isa = PBXBuildFile; fileRef = E26E789F1F81DF0500DBC647 /* AppDelegate.swift */; };
		E26E78A21F81DF0500DBC647 /* ViewController.swift in Sources */ = {isa = PBXBuildFile; fileRef = E26E78A11F81DF0500DBC647 /* ViewController.swift */; };
		E26E78A51F81DF0500DBC647 /* Main.storyboard in Resources */ = {isa = PBXBuildFile; fileRef = E26E78A31F81DF0500DBC647 /* Main.storyboard */; };
		E26E78A71F81DF0500DBC647 /* Assets.xcassets in Resources */ = {isa = PBXBuildFile; fileRef = E26E78A61F81DF0500DBC647 /* Assets.xcassets */; };
		E26E78AA1F81DF0500DBC647 /* LaunchScreen.storyboard in Resources */ = {isa = PBXBuildFile; fileRef = E26E78A81F81DF0500DBC647 /* LaunchScreen.storyboard */; };
		E26E78B51F81DF0500DBC647 /* Best_FishingTests.swift in Sources */ = {isa = PBXBuildFile; fileRef = E26E78B41F81DF0500DBC647 /* Best_FishingTests.swift */; };
		E26E78C01F81DF0500DBC647 /* Best_FishingUITests.swift in Sources */ = {isa = PBXBuildFile; fileRef = E26E78BF1F81DF0500DBC647 /* Best_FishingUITests.swift */; };
		FEBFF63E5C576F6E213D20FE /* Pods_Best_Fishing.framework in Frameworks */ = {isa = PBXBuildFile; fileRef = F3D4DD871D07A9D7EFCC871E /* Pods_Best_Fishing.framework */; };
/* End PBXBuildFile section */

/* Begin PBXContainerItemProxy section */
		E26E78B11F81DF0500DBC647 /* PBXContainerItemProxy */ = {
			isa = PBXContainerItemProxy;
			containerPortal = E26E78941F81DF0500DBC647 /* Project object */;
			proxyType = 1;
			remoteGlobalIDString = E26E789B1F81DF0500DBC647;
			remoteInfo = "Best Fishing";
		};
		E26E78BC1F81DF0500DBC647 /* PBXContainerItemProxy */ = {
			isa = PBXContainerItemProxy;
			containerPortal = E26E78941F81DF0500DBC647 /* Project object */;
			proxyType = 1;
			remoteGlobalIDString = E26E789B1F81DF0500DBC647;
			remoteInfo = "Best Fishing";
		};
/* End PBXContainerItemProxy section */

/* Begin PBXFileReference section */
		0C6202B07EAC543C69FE21DC /* Pods-Best Fishing.release.xcconfig */ = {isa = PBXFileReference; includeInIndex = 1; lastKnownFileType = text.xcconfig; name = "Pods-Best Fishing.release.xcconfig"; path = "Pods/Target Support Files/Pods-Best Fishing/Pods-Best Fishing.release.xcconfig"; sourceTree = "<group>"; };
		87F44DA5F45D8065552897DD /* Pods-Best Fishing.debug.xcconfig */ = {isa = PBXFileReference; includeInIndex = 1; lastKnownFileType = text.xcconfig; name = "Pods-Best Fishing.debug.xcconfig"; path = "Pods/Target Support Files/Pods-Best Fishing/Pods-Best Fishing.debug.xcconfig"; sourceTree = "<group>"; };
		D98039001FB20C68008AE6D4 /* Globalinstance.swift */ = {isa = PBXFileReference; fileEncoding = 4; lastKnownFileType = sourcecode.swift; path = Globalinstance.swift; sourceTree = "<group>"; };
		D98039031FB20EDF008AE6D4 /* PostTableViewCell.swift */ = {isa = PBXFileReference; lastKnownFileType = sourcecode.swift; path = PostTableViewCell.swift; sourceTree = "<group>"; };
		D98039051FB21077008AE6D4 /* MyPostsTableViewController.swift */ = {isa = PBXFileReference; lastKnownFileType = sourcecode.swift; path = MyPostsTableViewController.swift; sourceTree = "<group>"; };
		D98039071FB210B5008AE6D4 /* WriteViewController.swift */ = {isa = PBXFileReference; lastKnownFileType = sourcecode.swift; path = WriteViewController.swift; sourceTree = "<group>"; };
		D980BF811F9660B800948CC2 /* Extensions.swift */ = {isa = PBXFileReference; lastKnownFileType = sourcecode.swift; path = Extensions.swift; sourceTree = "<group>"; };
		D980BF831F9660DA00948CC2 /* MyProfileViewController.swift */ = {isa = PBXFileReference; lastKnownFileType = sourcecode.swift; path = MyProfileViewController.swift; sourceTree = "<group>"; };
		D980BF851F9660FE00948CC2 /* EditProfileViewController.swift */ = {isa = PBXFileReference; lastKnownFileType = sourcecode.swift; path = EditProfileViewController.swift; sourceTree = "<group>"; };
		D980BF871F96615C00948CC2 /* HomeViewController.swift */ = {isa = PBXFileReference; lastKnownFileType = sourcecode.swift; path = HomeViewController.swift; sourceTree = "<group>"; };
		E2589FD01F81FD61006FAF9D /* loginViewController.swift */ = {isa = PBXFileReference; fileEncoding = 4; lastKnownFileType = sourcecode.swift; path = loginViewController.swift; sourceTree = "<group>"; };
		E2589FD21F81FD77006FAF9D /* RegisterViewController.swift */ = {isa = PBXFileReference; fileEncoding = 4; lastKnownFileType = sourcecode.swift; path = RegisterViewController.swift; sourceTree = "<group>"; };
		E25BCEB51F8A94C200400581 /* GoogleService-Info.plist */ = {isa = PBXFileReference; fileEncoding = 4; lastKnownFileType = text.plist.xml; name = "GoogleService-Info.plist"; path = "../GoogleService-Info.plist"; sourceTree = "<group>"; };
		E26E789C1F81DF0500DBC647 /* Best Fishing.app */ = {isa = PBXFileReference; explicitFileType = wrapper.application; includeInIndex = 0; path = "Best Fishing.app"; sourceTree = BUILT_PRODUCTS_DIR; };
		E26E789F1F81DF0500DBC647 /* AppDelegate.swift */ = {isa = PBXFileReference; lastKnownFileType = sourcecode.swift; path = AppDelegate.swift; sourceTree = "<group>"; };
		E26E78A11F81DF0500DBC647 /* ViewController.swift */ = {isa = PBXFileReference; lastKnownFileType = sourcecode.swift; path = ViewController.swift; sourceTree = "<group>"; };
		E26E78A41F81DF0500DBC647 /* Base */ = {isa = PBXFileReference; lastKnownFileType = file.storyboard; name = Base; path = Base.lproj/Main.storyboard; sourceTree = "<group>"; };
		E26E78A61F81DF0500DBC647 /* Assets.xcassets */ = {isa = PBXFileReference; lastKnownFileType = folder.assetcatalog; path = Assets.xcassets; sourceTree = "<group>"; };
		E26E78A91F81DF0500DBC647 /* Base */ = {isa = PBXFileReference; lastKnownFileType = file.storyboard; name = Base; path = Base.lproj/LaunchScreen.storyboard; sourceTree = "<group>"; };
		E26E78AB1F81DF0500DBC647 /* Info.plist */ = {isa = PBXFileReference; lastKnownFileType = text.plist.xml; path = Info.plist; sourceTree = "<group>"; };
		E26E78B01F81DF0500DBC647 /* Best FishingTests.xctest */ = {isa = PBXFileReference; explicitFileType = wrapper.cfbundle; includeInIndex = 0; path = "Best FishingTests.xctest"; sourceTree = BUILT_PRODUCTS_DIR; };
		E26E78B41F81DF0500DBC647 /* Best_FishingTests.swift */ = {isa = PBXFileReference; lastKnownFileType = sourcecode.swift; path = Best_FishingTests.swift; sourceTree = "<group>"; };
		E26E78B61F81DF0500DBC647 /* Info.plist */ = {isa = PBXFileReference; lastKnownFileType = text.plist.xml; path = Info.plist; sourceTree = "<group>"; };
		E26E78BB1F81DF0500DBC647 /* Best FishingUITests.xctest */ = {isa = PBXFileReference; explicitFileType = wrapper.cfbundle; includeInIndex = 0; path = "Best FishingUITests.xctest"; sourceTree = BUILT_PRODUCTS_DIR; };
		E26E78BF1F81DF0500DBC647 /* Best_FishingUITests.swift */ = {isa = PBXFileReference; lastKnownFileType = sourcecode.swift; path = Best_FishingUITests.swift; sourceTree = "<group>"; };
		E26E78C11F81DF0500DBC647 /* Info.plist */ = {isa = PBXFileReference; lastKnownFileType = text.plist.xml; path = Info.plist; sourceTree = "<group>"; };
		F3D4DD871D07A9D7EFCC871E /* Pods_Best_Fishing.framework */ = {isa = PBXFileReference; explicitFileType = wrapper.framework; includeInIndex = 0; path = Pods_Best_Fishing.framework; sourceTree = BUILT_PRODUCTS_DIR; };
/* End PBXFileReference section */

/* Begin PBXFrameworksBuildPhase section */
		E26E78991F81DF0500DBC647 /* Frameworks */ = {
			isa = PBXFrameworksBuildPhase;
			buildActionMask = 2147483647;
			files = (
				FEBFF63E5C576F6E213D20FE /* Pods_Best_Fishing.framework in Frameworks */,
			);
			runOnlyForDeploymentPostprocessing = 0;
		};
		E26E78AD1F81DF0500DBC647 /* Frameworks */ = {
			isa = PBXFrameworksBuildPhase;
			buildActionMask = 2147483647;
			files = (
			);
			runOnlyForDeploymentPostprocessing = 0;
		};
		E26E78B81F81DF0500DBC647 /* Frameworks */ = {
			isa = PBXFrameworksBuildPhase;
			buildActionMask = 2147483647;
			files = (
			);
			runOnlyForDeploymentPostprocessing = 0;
		};
/* End PBXFrameworksBuildPhase section */

/* Begin PBXGroup section */
		430A45538ACE361728ADB663 /* Pods */ = {
			isa = PBXGroup;
			children = (
				87F44DA5F45D8065552897DD /* Pods-Best Fishing.debug.xcconfig */,
				0C6202B07EAC543C69FE21DC /* Pods-Best Fishing.release.xcconfig */,
			);
			name = Pods;
			sourceTree = "<group>";
		};
		D98039021FB20EC5008AE6D4 /* View */ = {
			isa = PBXGroup;
			children = (
				D98039031FB20EDF008AE6D4 /* PostTableViewCell.swift */,
			);
			path = View;
			sourceTree = "<group>";
		};
		D980BF801F9660A900948CC2 /* Utils */ = {
			isa = PBXGroup;
			children = (
				D98039001FB20C68008AE6D4 /* Globalinstance.swift */,
				D980BF811F9660B800948CC2 /* Extensions.swift */,
			);
			path = Utils;
			sourceTree = "<group>";
		};
		DC97F00C56F33A37C2857BB7 /* Frameworks */ = {
			isa = PBXGroup;
			children = (
				F3D4DD871D07A9D7EFCC871E /* Pods_Best_Fishing.framework */,
			);
			name = Frameworks;
			sourceTree = "<group>";
		};
		E2589FCF1F81FD0E006FAF9D /* controller */ = {
			isa = PBXGroup;
			children = (
				E2589FD01F81FD61006FAF9D /* loginViewController.swift */,
				E2589FD21F81FD77006FAF9D /* RegisterViewController.swift */,
				D980BF831F9660DA00948CC2 /* MyProfileViewController.swift */,
				D980BF851F9660FE00948CC2 /* EditProfileViewController.swift */,
				D980BF871F96615C00948CC2 /* HomeViewController.swift */,
				D98039051FB21077008AE6D4 /* MyPostsTableViewController.swift */,
				D98039071FB210B5008AE6D4 /* WriteViewController.swift */,
			);
			name = controller;
			path = ..;
			sourceTree = "<group>";
		};
		E26E78931F81DF0500DBC647 = {
			isa = PBXGroup;
			children = (
				E26E789E1F81DF0500DBC647 /* Best Fishing */,
				E26E78B31F81DF0500DBC647 /* Best FishingTests */,
				E26E78BE1F81DF0500DBC647 /* Best FishingUITests */,
				E26E789D1F81DF0500DBC647 /* Products */,
				430A45538ACE361728ADB663 /* Pods */,
				DC97F00C56F33A37C2857BB7 /* Frameworks */,
			);
			sourceTree = "<group>";
		};
		E26E789D1F81DF0500DBC647 /* Products */ = {
			isa = PBXGroup;
			children = (
				E26E789C1F81DF0500DBC647 /* Best Fishing.app */,
				E26E78B01F81DF0500DBC647 /* Best FishingTests.xctest */,
				E26E78BB1F81DF0500DBC647 /* Best FishingUITests.xctest */,
			);
			name = Products;
			sourceTree = "<group>";
		};
		E26E789E1F81DF0500DBC647 /* Best Fishing */ = {
			isa = PBXGroup;
			children = (
				D98039021FB20EC5008AE6D4 /* View */,
				D980BF801F9660A900948CC2 /* Utils */,
				E2589FCF1F81FD0E006FAF9D /* controller */,
				E26E789F1F81DF0500DBC647 /* AppDelegate.swift */,
				E26E78A11F81DF0500DBC647 /* ViewController.swift */,
				E26E78A31F81DF0500DBC647 /* Main.storyboard */,
				E25BCEB51F8A94C200400581 /* GoogleService-Info.plist */,
				E26E78A61F81DF0500DBC647 /* Assets.xcassets */,
				E26E78A81F81DF0500DBC647 /* LaunchScreen.storyboard */,
				E26E78AB1F81DF0500DBC647 /* Info.plist */,
			);
			path = "Best Fishing";
			sourceTree = "<group>";
		};
		E26E78B31F81DF0500DBC647 /* Best FishingTests */ = {
			isa = PBXGroup;
			children = (
				E26E78B41F81DF0500DBC647 /* Best_FishingTests.swift */,
				E26E78B61F81DF0500DBC647 /* Info.plist */,
			);
			path = "Best FishingTests";
			sourceTree = "<group>";
		};
		E26E78BE1F81DF0500DBC647 /* Best FishingUITests */ = {
			isa = PBXGroup;
			children = (
				E26E78BF1F81DF0500DBC647 /* Best_FishingUITests.swift */,
				E26E78C11F81DF0500DBC647 /* Info.plist */,
			);
			path = "Best FishingUITests";
			sourceTree = "<group>";
		};
/* End PBXGroup section */

/* Begin PBXNativeTarget section */
		E26E789B1F81DF0500DBC647 /* Best Fishing */ = {
			isa = PBXNativeTarget;
			buildConfigurationList = E26E78C41F81DF0500DBC647 /* Build configuration list for PBXNativeTarget "Best Fishing" */;
			buildPhases = (
				12DEB8206E62178F3EE0DB34 /* [CP] Check Pods Manifest.lock */,
				E26E78981F81DF0500DBC647 /* Sources */,
				E26E78991F81DF0500DBC647 /* Frameworks */,
				E26E789A1F81DF0500DBC647 /* Resources */,
				6E27C1FB89743DB8DEA9291C /* [CP] Embed Pods Frameworks */,
				2E2F7F7F4C91D8164F110906 /* [CP] Copy Pods Resources */,
			);
			buildRules = (
			);
			dependencies = (
			);
			name = "Best Fishing";
			productName = "Best Fishing";
			productReference = E26E789C1F81DF0500DBC647 /* Best Fishing.app */;
			productType = "com.apple.product-type.application";
		};
		E26E78AF1F81DF0500DBC647 /* Best FishingTests */ = {
			isa = PBXNativeTarget;
			buildConfigurationList = E26E78C71F81DF0500DBC647 /* Build configuration list for PBXNativeTarget "Best FishingTests" */;
			buildPhases = (
				E26E78AC1F81DF0500DBC647 /* Sources */,
				E26E78AD1F81DF0500DBC647 /* Frameworks */,
				E26E78AE1F81DF0500DBC647 /* Resources */,
			);
			buildRules = (
			);
			dependencies = (
				E26E78B21F81DF0500DBC647 /* PBXTargetDependency */,
			);
			name = "Best FishingTests";
			productName = "Best FishingTests";
			productReference = E26E78B01F81DF0500DBC647 /* Best FishingTests.xctest */;
			productType = "com.apple.product-type.bundle.unit-test";
		};
		E26E78BA1F81DF0500DBC647 /* Best FishingUITests */ = {
			isa = PBXNativeTarget;
			buildConfigurationList = E26E78CA1F81DF0500DBC647 /* Build configuration list for PBXNativeTarget "Best FishingUITests" */;
			buildPhases = (
				E26E78B71F81DF0500DBC647 /* Sources */,
				E26E78B81F81DF0500DBC647 /* Frameworks */,
				E26E78B91F81DF0500DBC647 /* Resources */,
			);
			buildRules = (
			);
			dependencies = (
				E26E78BD1F81DF0500DBC647 /* PBXTargetDependency */,
			);
			name = "Best FishingUITests";
			productName = "Best FishingUITests";
			productReference = E26E78BB1F81DF0500DBC647 /* Best FishingUITests.xctest */;
			productType = "com.apple.product-type.bundle.ui-testing";
		};
/* End PBXNativeTarget section */

/* Begin PBXProject section */
		E26E78941F81DF0500DBC647 /* Project object */ = {
			isa = PBXProject;
			attributes = {
				LastSwiftUpdateCheck = 0830;
				LastUpgradeCheck = 0830;
				ORGANIZATIONNAME = "Deitel and Associates , Inc";
				TargetAttributes = {
					E26E789B1F81DF0500DBC647 = {
						CreatedOnToolsVersion = 8.3.2;
						DevelopmentTeam = 73Q3645B7X;
						ProvisioningStyle = Automatic;
					};
					E26E78AF1F81DF0500DBC647 = {
						CreatedOnToolsVersion = 8.3.2;
						ProvisioningStyle = Automatic;
						TestTargetID = E26E789B1F81DF0500DBC647;
					};
					E26E78BA1F81DF0500DBC647 = {
						CreatedOnToolsVersion = 8.3.2;
						ProvisioningStyle = Automatic;
						TestTargetID = E26E789B1F81DF0500DBC647;
					};
				};
			};
			buildConfigurationList = E26E78971F81DF0500DBC647 /* Build configuration list for PBXProject "Best Fishing" */;
			compatibilityVersion = "Xcode 3.2";
			developmentRegion = English;
			hasScannedForEncodings = 0;
			knownRegions = (
				en,
				Base,
			);
			mainGroup = E26E78931F81DF0500DBC647;
			productRefGroup = E26E789D1F81DF0500DBC647 /* Products */;
			projectDirPath = "";
			projectRoot = "";
			targets = (
				E26E789B1F81DF0500DBC647 /* Best Fishing */,
				E26E78AF1F81DF0500DBC647 /* Best FishingTests */,
				E26E78BA1F81DF0500DBC647 /* Best FishingUITests */,
			);
		};
/* End PBXProject section */

/* Begin PBXResourcesBuildPhase section */
		E26E789A1F81DF0500DBC647 /* Resources */ = {
			isa = PBXResourcesBuildPhase;
			buildActionMask = 2147483647;
			files = (
				E26E78AA1F81DF0500DBC647 /* LaunchScreen.storyboard in Resources */,
				E25BCEB61F8A94C200400581 /* GoogleService-Info.plist in Resources */,
				E26E78A71F81DF0500DBC647 /* Assets.xcassets in Resources */,
				E26E78A51F81DF0500DBC647 /* Main.storyboard in Resources */,
			);
			runOnlyForDeploymentPostprocessing = 0;
		};
		E26E78AE1F81DF0500DBC647 /* Resources */ = {
			isa = PBXResourcesBuildPhase;
			buildActionMask = 2147483647;
			files = (
			);
			runOnlyForDeploymentPostprocessing = 0;
		};
		E26E78B91F81DF0500DBC647 /* Resources */ = {
			isa = PBXResourcesBuildPhase;
			buildActionMask = 2147483647;
			files = (
			);
			runOnlyForDeploymentPostprocessing = 0;
		};
/* End PBXResourcesBuildPhase section */

/* Begin PBXShellScriptBuildPhase section */
		12DEB8206E62178F3EE0DB34 /* [CP] Check Pods Manifest.lock */ = {
			isa = PBXShellScriptBuildPhase;
			buildActionMask = 2147483647;
			files = (
			);
			inputPaths = (
				"${PODS_PODFILE_DIR_PATH}/Podfile.lock",
				"${PODS_ROOT}/Manifest.lock",
			);
			name = "[CP] Check Pods Manifest.lock";
			outputPaths = (
				"$(DERIVED_FILE_DIR)/Pods-Best Fishing-checkManifestLockResult.txt",
			);
			runOnlyForDeploymentPostprocessing = 0;
			shellPath = /bin/sh;
			shellScript = "diff \"${PODS_PODFILE_DIR_PATH}/Podfile.lock\" \"${PODS_ROOT}/Manifest.lock\" > /dev/null\nif [ $? != 0 ] ; then\n    # print error to STDERR\n    echo \"error: The sandbox is not in sync with the Podfile.lock. Run 'pod install' or update your CocoaPods installation.\" >&2\n    exit 1\nfi\n# This output is used by Xcode 'outputs' to avoid re-running this script phase.\necho \"SUCCESS\" > \"${SCRIPT_OUTPUT_FILE_0}\"\n";
			showEnvVarsInLog = 0;
		};
		2E2F7F7F4C91D8164F110906 /* [CP] Copy Pods Resources */ = {
			isa = PBXShellScriptBuildPhase;
			buildActionMask = 2147483647;
			files = (
			);
			inputPaths = (
			);
			name = "[CP] Copy Pods Resources";
			outputPaths = (
			);
			runOnlyForDeploymentPostprocessing = 0;
			shellPath = /bin/sh;
			shellScript = "\"${SRCROOT}/Pods/Target Support Files/Pods-Best Fishing/Pods-Best Fishing-resources.sh\"\n";
			showEnvVarsInLog = 0;
		};
		6E27C1FB89743DB8DEA9291C /* [CP] Embed Pods Frameworks */ = {
			isa = PBXShellScriptBuildPhase;
			buildActionMask = 2147483647;
			files = (
			);
			inputPaths = (
				"${SRCROOT}/Pods/Target Support Files/Pods-Best Fishing/Pods-Best Fishing-frameworks.sh",
				"${BUILT_PRODUCTS_DIR}/ChameleonFramework/ChameleonFramework.framework",
				"${BUILT_PRODUCTS_DIR}/GTMSessionFetcher/GTMSessionFetcher.framework",
				"${BUILT_PRODUCTS_DIR}/GoogleToolboxForMac/GoogleToolboxForMac.framework",
				"${BUILT_PRODUCTS_DIR}/Kingfisher/Kingfisher.framework",
				"${BUILT_PRODUCTS_DIR}/Protobuf/Protobuf.framework",
				"${BUILT_PRODUCTS_DIR}/leveldb-library/leveldb.framework",
				"${BUILT_PRODUCTS_DIR}/nanopb/nanopb.framework",
			);
			name = "[CP] Embed Pods Frameworks";
			outputPaths = (
				"${TARGET_BUILD_DIR}/${FRAMEWORKS_FOLDER_PATH}/ChameleonFramework.framework",
				"${TARGET_BUILD_DIR}/${FRAMEWORKS_FOLDER_PATH}/GTMSessionFetcher.framework",
				"${TARGET_BUILD_DIR}/${FRAMEWORKS_FOLDER_PATH}/GoogleToolboxForMac.framework",
				"${TARGET_BUILD_DIR}/${FRAMEWORKS_FOLDER_PATH}/Kingfisher.framework",
				"${TARGET_BUILD_DIR}/${FRAMEWORKS_FOLDER_PATH}/Protobuf.framework",
				"${TARGET_BUILD_DIR}/${FRAMEWORKS_FOLDER_PATH}/leveldb.framework",
				"${TARGET_BUILD_DIR}/${FRAMEWORKS_FOLDER_PATH}/nanopb.framework",
			);
			runOnlyForDeploymentPostprocessing = 0;
			shellPath = /bin/sh;
			shellScript = "\"${SRCROOT}/Pods/Target Support Files/Pods-Best Fishing/Pods-Best Fishing-frameworks.sh\"\n";
			showEnvVarsInLog = 0;
		};
/* End PBXShellScriptBuildPhase section */

/* Begin PBXSourcesBuildPhase section */
		E26E78981F81DF0500DBC647 /* Sources */ = {
			isa = PBXSourcesBuildPhase;
			buildActionMask = 2147483647;
			files = (
				D980BF821F9660B800948CC2 /* Extensions.swift in Sources */,
				E26E78A21F81DF0500DBC647 /* ViewController.swift in Sources */,
				D98039011FB20C68008AE6D4 /* Globalinstance.swift in Sources */,
				D980BF841F9660DA00948CC2 /* MyProfileViewController.swift in Sources */,
				D98039061FB21077008AE6D4 /* MyPostsTableViewController.swift in Sources */,
				D980BF881F96615C00948CC2 /* HomeViewController.swift in Sources */,
				D98039081FB210B5008AE6D4 /* WriteViewController.swift in Sources */,
				E26E78A01F81DF0500DBC647 /* AppDelegate.swift in Sources */,
				E2589FD11F81FD61006FAF9D /* loginViewController.swift in Sources */,
				D98039041FB20EDF008AE6D4 /* PostTableViewCell.swift in Sources */,
				E2589FD31F81FD77006FAF9D /* RegisterViewController.swift in Sources */,
				D980BF861F9660FE00948CC2 /* EditProfileViewController.swift in Sources */,
			);
			runOnlyForDeploymentPostprocessing = 0;
		};
		E26E78AC1F81DF0500DBC647 /* Sources */ = {
			isa = PBXSourcesBuildPhase;
			buildActionMask = 2147483647;
			files = (
				E26E78B51F81DF0500DBC647 /* Best_FishingTests.swift in Sources */,
			);
			runOnlyForDeploymentPostprocessing = 0;
		};
		E26E78B71F81DF0500DBC647 /* Sources */ = {
			isa = PBXSourcesBuildPhase;
			buildActionMask = 2147483647;
			files = (
				E26E78C01F81DF0500DBC647 /* Best_FishingUITests.swift in Sources */,
			);
			runOnlyForDeploymentPostprocessing = 0;
		};
/* End PBXSourcesBuildPhase section */

/* Begin PBXTargetDependency section */
		E26E78B21F81DF0500DBC647 /* PBXTargetDependency */ = {
			isa = PBXTargetDependency;
			target = E26E789B1F81DF0500DBC647 /* Best Fishing */;
			targetProxy = E26E78B11F81DF0500DBC647 /* PBXContainerItemProxy */;
		};
		E26E78BD1F81DF0500DBC647 /* PBXTargetDependency */ = {
			isa = PBXTargetDependency;
			target = E26E789B1F81DF0500DBC647 /* Best Fishing */;
			targetProxy = E26E78BC1F81DF0500DBC647 /* PBXContainerItemProxy */;
		};
/* End PBXTargetDependency section */

/* Begin PBXVariantGroup section */
		E26E78A31F81DF0500DBC647 /* Main.storyboard */ = {
			isa = PBXVariantGroup;
			children = (
				E26E78A41F81DF0500DBC647 /* Base */,
			);
			name = Main.storyboard;
			sourceTree = "<group>";
		};
		E26E78A81F81DF0500DBC647 /* LaunchScreen.storyboard */ = {
			isa = PBXVariantGroup;
			children = (
				E26E78A91F81DF0500DBC647 /* Base */,
			);
			name = LaunchScreen.storyboard;
			sourceTree = "<group>";
		};
/* End PBXVariantGroup section */

/* Begin XCBuildConfiguration section */
		E26E78C21F81DF0500DBC647 /* Debug */ = {
			isa = XCBuildConfiguration;
			buildSettings = {
				ALWAYS_SEARCH_USER_PATHS = NO;
				CLANG_ANALYZER_NONNULL = YES;
				CLANG_ANALYZER_NUMBER_OBJECT_CONVERSION = YES_AGGRESSIVE;
				CLANG_CXX_LANGUAGE_STANDARD = "gnu++0x";
				CLANG_CXX_LIBRARY = "libc++";
				CLANG_ENABLE_MODULES = YES;
				CLANG_ENABLE_OBJC_ARC = YES;
				CLANG_WARN_BOOL_CONVERSION = YES;
				CLANG_WARN_CONSTANT_CONVERSION = YES;
				CLANG_WARN_DIRECT_OBJC_ISA_USAGE = YES_ERROR;
				CLANG_WARN_DOCUMENTATION_COMMENTS = YES;
				CLANG_WARN_EMPTY_BODY = YES;
				CLANG_WARN_ENUM_CONVERSION = YES;
				CLANG_WARN_INFINITE_RECURSION = YES;
				CLANG_WARN_INT_CONVERSION = YES;
				CLANG_WARN_OBJC_ROOT_CLASS = YES_ERROR;
				CLANG_WARN_SUSPICIOUS_MOVE = YES;
				CLANG_WARN_UNREACHABLE_CODE = YES;
				CLANG_WARN__DUPLICATE_METHOD_MATCH = YES;
				"CODE_SIGN_IDENTITY[sdk=iphoneos*]" = "iPhone Developer";
				COPY_PHASE_STRIP = NO;
				DEBUG_INFORMATION_FORMAT = dwarf;
				ENABLE_STRICT_OBJC_MSGSEND = YES;
				ENABLE_TESTABILITY = YES;
				GCC_C_LANGUAGE_STANDARD = gnu99;
				GCC_DYNAMIC_NO_PIC = NO;
				GCC_NO_COMMON_BLOCKS = YES;
				GCC_OPTIMIZATION_LEVEL = 0;
				GCC_PREPROCESSOR_DEFINITIONS = (
					"DEBUG=1",
					"$(inherited)",
				);
				GCC_WARN_64_TO_32_BIT_CONVERSION = YES;
				GCC_WARN_ABOUT_RETURN_TYPE = YES_ERROR;
				GCC_WARN_UNDECLARED_SELECTOR = YES;
				GCC_WARN_UNINITIALIZED_AUTOS = YES_AGGRESSIVE;
				GCC_WARN_UNUSED_FUNCTION = YES;
				GCC_WARN_UNUSED_VARIABLE = YES;
				IPHONEOS_DEPLOYMENT_TARGET = 10.3;
				MTL_ENABLE_DEBUG_INFO = YES;
				ONLY_ACTIVE_ARCH = YES;
				SDKROOT = iphoneos;
				SWIFT_ACTIVE_COMPILATION_CONDITIONS = DEBUG;
				SWIFT_OPTIMIZATION_LEVEL = "-Onone";
				TARGETED_DEVICE_FAMILY = "1,2";
			};
			name = Debug;
		};
		E26E78C31F81DF0500DBC647 /* Release */ = {
			isa = XCBuildConfiguration;
			buildSettings = {
				ALWAYS_SEARCH_USER_PATHS = NO;
				CLANG_ANALYZER_NONNULL = YES;
				CLANG_ANALYZER_NUMBER_OBJECT_CONVERSION = YES_AGGRESSIVE;
				CLANG_CXX_LANGUAGE_STANDARD = "gnu++0x";
				CLANG_CXX_LIBRARY = "libc++";
				CLANG_ENABLE_MODULES = YES;
				CLANG_ENABLE_OBJC_ARC = YES;
				CLANG_WARN_BOOL_CONVERSION = YES;
				CLANG_WARN_CONSTANT_CONVERSION = YES;
				CLANG_WARN_DIRECT_OBJC_ISA_USAGE = YES_ERROR;
				CLANG_WARN_DOCUMENTATION_COMMENTS = YES;
				CLANG_WARN_EMPTY_BODY = YES;
				CLANG_WARN_ENUM_CONVERSION = YES;
				CLANG_WARN_INFINITE_RECURSION = YES;
				CLANG_WARN_INT_CONVERSION = YES;
				CLANG_WARN_OBJC_ROOT_CLASS = YES_ERROR;
				CLANG_WARN_SUSPICIOUS_MOVE = YES;
				CLANG_WARN_UNREACHABLE_CODE = YES;
				CLANG_WARN__DUPLICATE_METHOD_MATCH = YES;
				"CODE_SIGN_IDENTITY[sdk=iphoneos*]" = "iPhone Developer";
				COPY_PHASE_STRIP = NO;
				DEBUG_INFORMATION_FORMAT = "dwarf-with-dsym";
				ENABLE_NS_ASSERTIONS = NO;
				ENABLE_STRICT_OBJC_MSGSEND = YES;
				GCC_C_LANGUAGE_STANDARD = gnu99;
				GCC_NO_COMMON_BLOCKS = YES;
				GCC_WARN_64_TO_32_BIT_CONVERSION = YES;
				GCC_WARN_ABOUT_RETURN_TYPE = YES_ERROR;
				GCC_WARN_UNDECLARED_SELECTOR = YES;
				GCC_WARN_UNINITIALIZED_AUTOS = YES_AGGRESSIVE;
				GCC_WARN_UNUSED_FUNCTION = YES;
				GCC_WARN_UNUSED_VARIABLE = YES;
				IPHONEOS_DEPLOYMENT_TARGET = 10.3;
				MTL_ENABLE_DEBUG_INFO = NO;
				SDKROOT = iphoneos;
				SWIFT_OPTIMIZATION_LEVEL = "-Owholemodule";
				TARGETED_DEVICE_FAMILY = "1,2";
				VALIDATE_PRODUCT = YES;
			};
			name = Release;
		};
		E26E78C51F81DF0500DBC647 /* Debug */ = {
			isa = XCBuildConfiguration;
			baseConfigurationReference = 87F44DA5F45D8065552897DD /* Pods-Best Fishing.debug.xcconfig */;
			buildSettings = {
				ASSETCATALOG_COMPILER_APPICON_NAME = AppIcon;
				DEVELOPMENT_TEAM = 73Q3645B7X;
				INFOPLIST_FILE = "Best Fishing/Info.plist";
				LD_RUNPATH_SEARCH_PATHS = "$(inherited) @executable_path/Frameworks";
				PRODUCT_BUNDLE_IDENTIFIER = com.fishing.ios;
				PRODUCT_NAME = "$(TARGET_NAME)";
				SWIFT_VERSION = 3.0;
			};
			name = Debug;
		};
		E26E78C61F81DF0500DBC647 /* Release */ = {
			isa = XCBuildConfiguration;
			baseConfigurationReference = 0C6202B07EAC543C69FE21DC /* Pods-Best Fishing.release.xcconfig */;
			buildSettings = {
				ASSETCATALOG_COMPILER_APPICON_NAME = AppIcon;
				DEVELOPMENT_TEAM = 73Q3645B7X;
				INFOPLIST_FILE = "Best Fishing/Info.plist";
				LD_RUNPATH_SEARCH_PATHS = "$(inherited) @executable_path/Frameworks";
				PRODUCT_BUNDLE_IDENTIFIER = com.fishing.ios;
				PRODUCT_NAME = "$(TARGET_NAME)";
				SWIFT_VERSION = 3.0;
			};
			name = Release;
		};
		E26E78C81F81DF0500DBC647 /* Debug */ = {
			isa = XCBuildConfiguration;
			buildSettings = {
				ALWAYS_EMBED_SWIFT_STANDARD_LIBRARIES = YES;
				BUNDLE_LOADER = "$(TEST_HOST)";
				INFOPLIST_FILE = "Best FishingTests/Info.plist";
				LD_RUNPATH_SEARCH_PATHS = "$(inherited) @executable_path/Frameworks @loader_path/Frameworks";
				PRODUCT_BUNDLE_IDENTIFIER = "com.-deitel.Best-FishingTests";
				PRODUCT_NAME = "$(TARGET_NAME)";
				SWIFT_VERSION = 3.0;
				TEST_HOST = "$(BUILT_PRODUCTS_DIR)/Best Fishing.app/Best Fishing";
			};
			name = Debug;
		};
		E26E78C91F81DF0500DBC647 /* Release */ = {
			isa = XCBuildConfiguration;
			buildSettings = {
				ALWAYS_EMBED_SWIFT_STANDARD_LIBRARIES = YES;
				BUNDLE_LOADER = "$(TEST_HOST)";
				INFOPLIST_FILE = "Best FishingTests/Info.plist";
				LD_RUNPATH_SEARCH_PATHS = "$(inherited) @executable_path/Frameworks @loader_path/Frameworks";
				PRODUCT_BUNDLE_IDENTIFIER = "com.-deitel.Best-FishingTests";
				PRODUCT_NAME = "$(TARGET_NAME)";
				SWIFT_VERSION = 3.0;
				TEST_HOST = "$(BUILT_PRODUCTS_DIR)/Best Fishing.app/Best Fishing";
			};
			name = Release;
		};
		E26E78CB1F81DF0500DBC647 /* Debug */ = {
			isa = XCBuildConfiguration;
			buildSettings = {
				ALWAYS_EMBED_SWIFT_STANDARD_LIBRARIES = YES;
				INFOPLIST_FILE = "Best FishingUITests/Info.plist";
				LD_RUNPATH_SEARCH_PATHS = "$(inherited) @executable_path/Frameworks @loader_path/Frameworks";
				PRODUCT_BUNDLE_IDENTIFIER = "com.-deitel.Best-FishingUITests";
				PRODUCT_NAME = "$(TARGET_NAME)";
				SWIFT_VERSION = 3.0;
				TEST_TARGET_NAME = "Best Fishing";
			};
			name = Debug;
		};
		E26E78CC1F81DF0500DBC647 /* Release */ = {
			isa = XCBuildConfiguration;
			buildSettings = {
				ALWAYS_EMBED_SWIFT_STANDARD_LIBRARIES = YES;
				INFOPLIST_FILE = "Best FishingUITests/Info.plist";
				LD_RUNPATH_SEARCH_PATHS = "$(inherited) @executable_path/Frameworks @loader_path/Frameworks";
				PRODUCT_BUNDLE_IDENTIFIER = "com.-deitel.Best-FishingUITests";
				PRODUCT_NAME = "$(TARGET_NAME)";
				SWIFT_VERSION = 3.0;
				TEST_TARGET_NAME = "Best Fishing";
			};
			name = Release;
		};
/* End XCBuildConfiguration section */

/* Begin XCConfigurationList section */
		E26E78971F81DF0500DBC647 /* Build configuration list for PBXProject "Best Fishing" */ = {
			isa = XCConfigurationList;
			buildConfigurations = (
				E26E78C21F81DF0500DBC647 /* Debug */,
				E26E78C31F81DF0500DBC647 /* Release */,
			);
			defaultConfigurationIsVisible = 0;
			defaultConfigurationName = Release;
		};
		E26E78C41F81DF0500DBC647 /* Build configuration list for PBXNativeTarget "Best Fishing" */ = {
			isa = XCConfigurationList;
			buildConfigurations = (
				E26E78C51F81DF0500DBC647 /* Debug */,
				E26E78C61F81DF0500DBC647 /* Release */,
			);
			defaultConfigurationIsVisible = 0;
			defaultConfigurationName = Release;
		};
		E26E78C71F81DF0500DBC647 /* Build configuration list for PBXNativeTarget "Best FishingTests" */ = {
			isa = XCConfigurationList;
			buildConfigurations = (
				E26E78C81F81DF0500DBC647 /* Debug */,
				E26E78C91F81DF0500DBC647 /* Release */,
			);
			defaultConfigurationIsVisible = 0;
			defaultConfigurationName = Release;
		};
		E26E78CA1F81DF0500DBC647 /* Build configuration list for PBXNativeTarget "Best FishingUITests" */ = {
			isa = XCConfigurationList;
			buildConfigurations = (
				E26E78CB1F81DF0500DBC647 /* Debug */,
				E26E78CC1F81DF0500DBC647 /* Release */,
			);
			defaultConfigurationIsVisible = 0;
			defaultConfigurationName = Release;
		};
/* End XCConfigurationList section */
	};
	rootObject = E26E78941F81DF0500DBC647 /* Project object */;
}
